// !$*UTF8*$!
{
	archiveVersion = 1;
	classes = {
	};
	objectVersion = 46;
	objects = {

/* Begin PBXBuildFile section */
		A08D300E1EB863BE002F7BC7 /* main.m in Sources */ = {isa = PBXBuildFile; fileRef = A08D300D1EB863BE002F7BC7 /* main.m */; };
		A08D30111EB863BE002F7BC7 /* AppDelegate.m in Sources */ = {isa = PBXBuildFile; fileRef = A08D30101EB863BE002F7BC7 /* AppDelegate.m */; };
		A08D30141EB863BE002F7BC7 /* ViewController.m in Sources */ = {isa = PBXBuildFile; fileRef = A08D30131EB863BE002F7BC7 /* ViewController.m */; };
		A08D30171EB863BE002F7BC7 /* Main.storyboard in Resources */ = {isa = PBXBuildFile; fileRef = A08D30151EB863BE002F7BC7 /* Main.storyboard */; };
		A08D30191EB863BE002F7BC7 /* Assets.xcassets in Resources */ = {isa = PBXBuildFile; fileRef = A08D30181EB863BE002F7BC7 /* Assets.xcassets */; };
		A08D301C1EB863BE002F7BC7 /* LaunchScreen.storyboard in Resources */ = {isa = PBXBuildFile; fileRef = A08D301A1EB863BE002F7BC7 /* LaunchScreen.storyboard */; };
		A08D30271EB863BE002F7BC7 /* ImageScrollDemoTests.m in Sources */ = {isa = PBXBuildFile; fileRef = A08D30261EB863BE002F7BC7 /* ImageScrollDemoTests.m */; };
		A08D30321EB863BE002F7BC7 /* ImageScrollDemoUITests.m in Sources */ = {isa = PBXBuildFile; fileRef = A08D30311EB863BE002F7BC7 /* ImageScrollDemoUITests.m */; };
		A08D30451EB863EB002F7BC7 /* EndLessScrollView.m in Sources */ = {isa = PBXBuildFile; fileRef = A08D30411EB863EB002F7BC7 /* EndLessScrollView.m */; };
		A08D30461EB863EB002F7BC7 /* MyCollectionViewCell.m in Sources */ = {isa = PBXBuildFile; fileRef = A08D30431EB863EB002F7BC7 /* MyCollectionViewCell.m */; };
		A08D30471EB863EB002F7BC7 /* MyCollectionViewCell.xib in Resources */ = {isa = PBXBuildFile; fileRef = A08D30441EB863EB002F7BC7 /* MyCollectionViewCell.xib */; };
		FABC37F7F25DDE2F478DA726 /* libPods-ImageScrollDemo.a in Frameworks */ = {isa = PBXBuildFile; fileRef = 93F7E75C94B43D36549A3ECF /* libPods-ImageScrollDemo.a */; };
/* End PBXBuildFile section */

/* Begin PBXContainerItemProxy section */
		A08D30231EB863BE002F7BC7 /* PBXContainerItemProxy */ = {
			isa = PBXContainerItemProxy;
			containerPortal = A08D30011EB863BE002F7BC7 /* Project object */;
			proxyType = 1;
			remoteGlobalIDString = A08D30081EB863BE002F7BC7;
			remoteInfo = ImageScrollDemo;
		};
		A08D302E1EB863BE002F7BC7 /* PBXContainerItemProxy */ = {
			isa = PBXContainerItemProxy;
			containerPortal = A08D30011EB863BE002F7BC7 /* Project object */;
			proxyType = 1;
			remoteGlobalIDString = A08D30081EB863BE002F7BC7;
			remoteInfo = ImageScrollDemo;
		};
/* End PBXContainerItemProxy section */

/* Begin PBXFileReference section */
		72FD387259444BB91275CD39 /* Pods-ImageScrollDemo.release.xcconfig */ = {isa = PBXFileReference; includeInIndex = 1; lastKnownFileType = text.xcconfig; name = "Pods-ImageScrollDemo.release.xcconfig"; path = "Pods/Target Support Files/Pods-ImageScrollDemo/Pods-ImageScrollDemo.release.xcconfig"; sourceTree = "<group>"; };
		93F7E75C94B43D36549A3ECF /* libPods-ImageScrollDemo.a */ = {isa = PBXFileReference; explicitFileType = archive.ar; includeInIndex = 0; path = "libPods-ImageScrollDemo.a"; sourceTree = BUILT_PRODUCTS_DIR; };
		A08D30091EB863BE002F7BC7 /* ImageScrollDemo.app */ = {isa = PBXFileReference; explicitFileType = wrapper.application; includeInIndex = 0; path = ImageScrollDemo.app; sourceTree = BUILT_PRODUCTS_DIR; };
		A08D300D1EB863BE002F7BC7 /* main.m */ = {isa = PBXFileReference; lastKnownFileType = sourcecode.c.objc; lineEnding = 0; path = main.m; sourceTree = "<group>"; xcLanguageSpecificationIdentifier = xcode.lang.objc; };
		A08D300F1EB863BE002F7BC7 /* AppDelegate.h */ = {isa = PBXFileReference; lastKnownFileType = sourcecode.c.h; lineEnding = 0; path = AppDelegate.h; sourceTree = "<group>"; xcLanguageSpecificationIdentifier = xcode.lang.objcpp; };
		A08D30101EB863BE002F7BC7 /* AppDelegate.m */ = {isa = PBXFileReference; lastKnownFileType = sourcecode.c.objc; lineEnding = 0; path = AppDelegate.m; sourceTree = "<group>"; xcLanguageSpecificationIdentifier = xcode.lang.objc; };
		A08D30121EB863BE002F7BC7 /* ViewController.h */ = {isa = PBXFileReference; lastKnownFileType = sourcecode.c.h; lineEnding = 0; path = ViewController.h; sourceTree = "<group>"; xcLanguageSpecificationIdentifier = xcode.lang.objcpp; };
		A08D30131EB863BE002F7BC7 /* ViewController.m */ = {isa = PBXFileReference; lastKnownFileType = sourcecode.c.objc; lineEnding = 0; path = ViewController.m; sourceTree = "<group>"; xcLanguageSpecificationIdentifier = xcode.lang.objc; };
		A08D30161EB863BE002F7BC7 /* Base */ = {isa = PBXFileReference; lastKnownFileType = file.storyboard; name = Base; path = Base.lproj/Main.storyboard; sourceTree = "<group>"; };
		A08D30181EB863BE002F7BC7 /* Assets.xcassets */ = {isa = PBXFileReference; lastKnownFileType = folder.assetcatalog; path = Assets.xcassets; sourceTree = "<group>"; };
		A08D301B1EB863BE002F7BC7 /* Base */ = {isa = PBXFileReference; lastKnownFileType = file.storyboard; name = Base; path = Base.lproj/LaunchScreen.storyboard; sourceTree = "<group>"; };
		A08D301D1EB863BE002F7BC7 /* Info.plist */ = {isa = PBXFileReference; lastKnownFileType = text.plist.xml; path = Info.plist; sourceTree = "<group>"; };
		A08D30221EB863BE002F7BC7 /* ImageScrollDemoTests.xctest */ = {isa = PBXFileReference; explicitFileType = wrapper.cfbundle; includeInIndex = 0; path = ImageScrollDemoTests.xctest; sourceTree = BUILT_PRODUCTS_DIR; };
		A08D30261EB863BE002F7BC7 /* ImageScrollDemoTests.m */ = {isa = PBXFileReference; lastKnownFileType = sourcecode.c.objc; lineEnding = 0; path = ImageScrollDemoTests.m; sourceTree = "<group>"; xcLanguageSpecificationIdentifier = xcode.lang.objc; };
		A08D30281EB863BE002F7BC7 /* Info.plist */ = {isa = PBXFileReference; lastKnownFileType = text.plist.xml; path = Info.plist; sourceTree = "<group>"; };
		A08D302D1EB863BE002F7BC7 /* ImageScrollDemoUITests.xctest */ = {isa = PBXFileReference; explicitFileType = wrapper.cfbundle; includeInIndex = 0; path = ImageScrollDemoUITests.xctest; sourceTree = BUILT_PRODUCTS_DIR; };
		A08D30311EB863BE002F7BC7 /* ImageScrollDemoUITests.m */ = {isa = PBXFileReference; lastKnownFileType = sourcecode.c.objc; lineEnding = 0; path = ImageScrollDemoUITests.m; sourceTree = "<group>"; xcLanguageSpecificationIdentifier = xcode.lang.objc; };
		A08D30331EB863BE002F7BC7 /* Info.plist */ = {isa = PBXFileReference; lastKnownFileType = text.plist.xml; path = Info.plist; sourceTree = "<group>"; };
		A08D30401EB863EB002F7BC7 /* EndLessScrollView.h */ = {isa = PBXFileReference; fileEncoding = 4; lastKnownFileType = sourcecode.c.h; lineEnding = 0; path = EndLessScrollView.h; sourceTree = "<group>"; xcLanguageSpecificationIdentifier = xcode.lang.objcpp; };
		A08D30411EB863EB002F7BC7 /* EndLessScrollView.m */ = {isa = PBXFileReference; fileEncoding = 4; lastKnownFileType = sourcecode.c.objc; lineEnding = 0; path = EndLessScrollView.m; sourceTree = "<group>"; xcLanguageSpecificationIdentifier = xcode.lang.objc; };
		A08D30421EB863EB002F7BC7 /* MyCollectionViewCell.h */ = {isa = PBXFileReference; fileEncoding = 4; lastKnownFileType = sourcecode.c.h; lineEnding = 0; path = MyCollectionViewCell.h; sourceTree = "<group>"; xcLanguageSpecificationIdentifier = xcode.lang.objcpp; };
		A08D30431EB863EB002F7BC7 /* MyCollectionViewCell.m */ = {isa = PBXFileReference; fileEncoding = 4; lastKnownFileType = sourcecode.c.objc; lineEnding = 0; path = MyCollectionViewCell.m; sourceTree = "<group>"; xcLanguageSpecificationIdentifier = xcode.lang.objc; };
		A08D30441EB863EB002F7BC7 /* MyCollectionViewCell.xib */ = {isa = PBXFileReference; fileEncoding = 4; lastKnownFileType = file.xib; path = MyCollectionViewCell.xib; sourceTree = "<group>"; };
		DDB74E3F08C58BE4EC66FB15 /* Pods-ImageScrollDemo.debug.xcconfig */ = {isa = PBXFileReference; includeInIndex = 1; lastKnownFileType = text.xcconfig; name = "Pods-ImageScrollDemo.debug.xcconfig"; path = "Pods/Target Support Files/Pods-ImageScrollDemo/Pods-ImageScrollDemo.debug.xcconfig"; sourceTree = "<group>"; };
/* End PBXFileReference section */

/* Begin PBXFrameworksBuildPhase section */
		A08D30061EB863BE002F7BC7 /* Frameworks */ = {
			isa = PBXFrameworksBuildPhase;
			buildActionMask = 2147483647;
			files = (
				FABC37F7F25DDE2F478DA726 /* libPods-ImageScrollDemo.a in Frameworks */,
			);
			runOnlyForDeploymentPostprocessing = 0;
		};
		A08D301F1EB863BE002F7BC7 /* Frameworks */ = {
			isa = PBXFrameworksBuildPhase;
			buildActionMask = 2147483647;
			files = (
			);
			runOnlyForDeploymentPostprocessing = 0;
		};
		A08D302A1EB863BE002F7BC7 /* Frameworks */ = {
			isa = PBXFrameworksBuildPhase;
			buildActionMask = 2147483647;
			files = (
			);
			runOnlyForDeploymentPostprocessing = 0;
		};
/* End PBXFrameworksBuildPhase section */

/* Begin PBXGroup section */
		2AB5DE1EF7FC713D7AF6D658 /* Pods */ = {
			isa = PBXGroup;
			children = (
				DDB74E3F08C58BE4EC66FB15 /* Pods-ImageScrollDemo.debug.xcconfig */,
				72FD387259444BB91275CD39 /* Pods-ImageScrollDemo.release.xcconfig */,
			);
			name = Pods;
			sourceTree = "<group>";
		};
		A08D30001EB863BE002F7BC7 = {
			isa = PBXGroup;
			children = (
				A08D300B1EB863BE002F7BC7 /* ImageScrollDemo */,
				A08D30251EB863BE002F7BC7 /* ImageScrollDemoTests */,
				A08D30301EB863BE002F7BC7 /* ImageScrollDemoUITests */,
				A08D300A1EB863BE002F7BC7 /* Products */,
				2AB5DE1EF7FC713D7AF6D658 /* Pods */,
				E34F7195719E6379A7762C0C /* Frameworks */,
			);
			sourceTree = "<group>";
		};
		A08D300A1EB863BE002F7BC7 /* Products */ = {
			isa = PBXGroup;
			children = (
				A08D30091EB863BE002F7BC7 /* ImageScrollDemo.app */,
				A08D30221EB863BE002F7BC7 /* ImageScrollDemoTests.xctest */,
				A08D302D1EB863BE002F7BC7 /* ImageScrollDemoUITests.xctest */,
			);
			name = Products;
			sourceTree = "<group>";
		};
		A08D300B1EB863BE002F7BC7 /* ImageScrollDemo */ = {
			isa = PBXGroup;
			children = (
				A08D303F1EB863EB002F7BC7 /* endlessScroll */,
				A08D300F1EB863BE002F7BC7 /* AppDelegate.h */,
				A08D30101EB863BE002F7BC7 /* AppDelegate.m */,
				A08D30121EB863BE002F7BC7 /* ViewController.h */,
				A08D30131EB863BE002F7BC7 /* ViewController.m */,
				A08D30151EB863BE002F7BC7 /* Main.storyboard */,
				A08D30181EB863BE002F7BC7 /* Assets.xcassets */,
				A08D301A1EB863BE002F7BC7 /* LaunchScreen.storyboard */,
				A08D301D1EB863BE002F7BC7 /* Info.plist */,
				A08D300C1EB863BE002F7BC7 /* Supporting Files */,
			);
			path = ImageScrollDemo;
			sourceTree = "<group>";
		};
		A08D300C1EB863BE002F7BC7 /* Supporting Files */ = {
			isa = PBXGroup;
			children = (
				A08D300D1EB863BE002F7BC7 /* main.m */,
			);
			name = "Supporting Files";
			sourceTree = "<group>";
		};
		A08D30251EB863BE002F7BC7 /* ImageScrollDemoTests */ = {
			isa = PBXGroup;
			children = (
				A08D30261EB863BE002F7BC7 /* ImageScrollDemoTests.m */,
				A08D30281EB863BE002F7BC7 /* Info.plist */,
			);
			path = ImageScrollDemoTests;
			sourceTree = "<group>";
		};
		A08D30301EB863BE002F7BC7 /* ImageScrollDemoUITests */ = {
			isa = PBXGroup;
			children = (
				A08D30311EB863BE002F7BC7 /* ImageScrollDemoUITests.m */,
				A08D30331EB863BE002F7BC7 /* Info.plist */,
			);
			path = ImageScrollDemoUITests;
			sourceTree = "<group>";
		};
		A08D303F1EB863EB002F7BC7 /* endlessScroll */ = {
			isa = PBXGroup;
			children = (
				A08D30401EB863EB002F7BC7 /* EndLessScrollView.h */,
				A08D30411EB863EB002F7BC7 /* EndLessScrollView.m */,
				A08D30421EB863EB002F7BC7 /* MyCollectionViewCell.h */,
				A08D30431EB863EB002F7BC7 /* MyCollectionViewCell.m */,
				A08D30441EB863EB002F7BC7 /* MyCollectionViewCell.xib */,
			);
			path = endlessScroll;
			sourceTree = "<group>";
		};
		E34F7195719E6379A7762C0C /* Frameworks */ = {
			isa = PBXGroup;
			children = (
				93F7E75C94B43D36549A3ECF /* libPods-ImageScrollDemo.a */,
			);
			name = Frameworks;
			sourceTree = "<group>";
		};
/* End PBXGroup section */

/* Begin PBXNativeTarget section */
		A08D30081EB863BE002F7BC7 /* ImageScrollDemo */ = {
			isa = PBXNativeTarget;
			buildConfigurationList = A08D30361EB863BE002F7BC7 /* Build configuration list for PBXNativeTarget "ImageScrollDemo" */;
			buildPhases = (
				250E5D68C2E875519ED89ED2 /* [CP] Check Pods Manifest.lock */,
				A08D30051EB863BE002F7BC7 /* Sources */,
				A08D30061EB863BE002F7BC7 /* Frameworks */,
				A08D30071EB863BE002F7BC7 /* Resources */,
				E516CC14A8EEDD45728F1B57 /* [CP] Embed Pods Frameworks */,
				9FD94EFEF8D45C091C9F962B /* [CP] Copy Pods Resources */,
			);
			buildRules = (
			);
			dependencies = (
			);
			name = ImageScrollDemo;
			productName = ImageScrollDemo;
			productReference = A08D30091EB863BE002F7BC7 /* ImageScrollDemo.app */;
			productType = "com.apple.product-type.application";
		};
		A08D30211EB863BE002F7BC7 /* ImageScrollDemoTests */ = {
			isa = PBXNativeTarget;
			buildConfigurationList = A08D30391EB863BE002F7BC7 /* Build configuration list for PBXNativeTarget "ImageScrollDemoTests" */;
			buildPhases = (
				A08D301E1EB863BE002F7BC7 /* Sources */,
				A08D301F1EB863BE002F7BC7 /* Frameworks */,
				A08D30201EB863BE002F7BC7 /* Resources */,
			);
			buildRules = (
			);
			dependencies = (
				A08D30241EB863BE002F7BC7 /* PBXTargetDependency */,
			);
			name = ImageScrollDemoTests;
			productName = ImageScrollDemoTests;
			productReference = A08D30221EB863BE002F7BC7 /* ImageScrollDemoTests.xctest */;
			productType = "com.apple.product-type.bundle.unit-test";
		};
		A08D302C1EB863BE002F7BC7 /* ImageScrollDemoUITests */ = {
			isa = PBXNativeTarget;
			buildConfigurationList = A08D303C1EB863BE002F7BC7 /* Build configuration list for PBXNativeTarget "ImageScrollDemoUITests" */;
			buildPhases = (
				A08D30291EB863BE002F7BC7 /* Sources */,
				A08D302A1EB863BE002F7BC7 /* Frameworks */,
				A08D302B1EB863BE002F7BC7 /* Resources */,
			);
			buildRules = (
			);
			dependencies = (
				A08D302F1EB863BE002F7BC7 /* PBXTargetDependency */,
			);
			name = ImageScrollDemoUITests;
			productName = ImageScrollDemoUITests;
			productReference = A08D302D1EB863BE002F7BC7 /* ImageScrollDemoUITests.xctest */;
			productType = "com.apple.product-type.bundle.ui-testing";
		};
/* End PBXNativeTarget section */

/* Begin PBXProject section */
		A08D30011EB863BE002F7BC7 /* Project object */ = {
			isa = PBXProject;
			attributes = {
				LastUpgradeCheck = 0830;
				ORGANIZATIONNAME = "陈世豪";
				TargetAttributes = {
					A08D30081EB863BE002F7BC7 = {
						CreatedOnToolsVersion = 8.3.2;
						ProvisioningStyle = Automatic;
					};
					A08D30211EB863BE002F7BC7 = {
						CreatedOnToolsVersion = 8.3.2;
						DevelopmentTeam = 3C3Z68HJVQ;
						ProvisioningStyle = Automatic;
						TestTargetID = A08D30081EB863BE002F7BC7;
					};
					A08D302C1EB863BE002F7BC7 = {
						CreatedOnToolsVersion = 8.3.2;
						DevelopmentTeam = 3C3Z68HJVQ;
						ProvisioningStyle = Automatic;
						TestTargetID = A08D30081EB863BE002F7BC7;
					};
				};
			};
			buildConfigurationList = A08D30041EB863BE002F7BC7 /* Build configuration list for PBXProject "ImageScrollDemo" */;
			compatibilityVersion = "Xcode 3.2";
			developmentRegion = English;
			hasScannedForEncodings = 0;
			knownRegions = (
				en,
				Base,
			);
			mainGroup = A08D30001EB863BE002F7BC7;
			productRefGroup = A08D300A1EB863BE002F7BC7 /* Products */;
			projectDirPath = "";
			projectRoot = "";
			targets = (
				A08D30081EB863BE002F7BC7 /* ImageScrollDemo */,
				A08D30211EB863BE002F7BC7 /* ImageScrollDemoTests */,
				A08D302C1EB863BE002F7BC7 /* ImageScrollDemoUITests */,
			);
		};
/* End PBXProject section */

/* Begin PBXResourcesBuildPhase section */
		A08D30071EB863BE002F7BC7 /* Resources */ = {
			isa = PBXResourcesBuildPhase;
			buildActionMask = 2147483647;
			files = (
				A08D301C1EB863BE002F7BC7 /* LaunchScreen.storyboard in Resources */,
				A08D30191EB863BE002F7BC7 /* Assets.xcassets in Resources */,
				A08D30471EB863EB002F7BC7 /* MyCollectionViewCell.xib in Resources */,
				A08D30171EB863BE002F7BC7 /* Main.storyboard in Resources */,
			);
			runOnlyForDeploymentPostprocessing = 0;
		};
		A08D30201EB863BE002F7BC7 /* Resources */ = {
			isa = PBXResourcesBuildPhase;
			buildActionMask = 2147483647;
			files = (
			);
			runOnlyForDeploymentPostprocessing = 0;
		};
		A08D302B1EB863BE002F7BC7 /* Resources */ = {
			isa = PBXResourcesBuildPhase;
			buildActionMask = 2147483647;
			files = (
			);
			runOnlyForDeploymentPostprocessing = 0;
		};
/* End PBXResourcesBuildPhase section */

/* Begin PBXShellScriptBuildPhase section */
		250E5D68C2E875519ED89ED2 /* [CP] Check Pods Manifest.lock */ = {
			isa = PBXShellScriptBuildPhase;
			buildActionMask = 2147483647;
			files = (
			);
			inputPaths = (
			);
			name = "[CP] Check Pods Manifest.lock";
			outputPaths = (
			);
			runOnlyForDeploymentPostprocessing = 0;
			shellPath = /bin/sh;
			shellScript = "diff \"${PODS_PODFILE_DIR_PATH}/Podfile.lock\" \"${PODS_ROOT}/Manifest.lock\" > /dev/null\nif [ $? != 0 ] ; then\n    # print error to STDERR\n    echo \"error: The sandbox is not in sync with the Podfile.lock. Run 'pod install' or update your CocoaPods installation.\" >&2\n    exit 1\nfi\n";
			showEnvVarsInLog = 0;
		};
		9FD94EFEF8D45C091C9F962B /* [CP] Copy Pods Resources */ = {
			isa = PBXShellScriptBuildPhase;
			buildActionMask = 2147483647;
			files = (
			);
			inputPaths = (
			);
			name = "[CP] Copy Pods Resources";
			outputPaths = (
			);
			runOnlyForDeploymentPostprocessing = 0;
			shellPath = /bin/sh;
			shellScript = "\"${SRCROOT}/Pods/Target Support Files/Pods-ImageScrollDemo/Pods-ImageScrollDemo-resources.sh\"\n";
			showEnvVarsInLog = 0;
		};
		E516CC14A8EEDD45728F1B57 /* [CP] Embed Pods Frameworks */ = {
			isa = PBXShellScriptBuildPhase;
			buildActionMask = 2147483647;
			files = (
			);
			inputPaths = (
			);
			name = "[CP] Embed Pods Frameworks";
			outputPaths = (
			);
			runOnlyForDeploymentPostprocessing = 0;
			shellPath = /bin/sh;
			shellScript = "\"${SRCROOT}/Pods/Target Support Files/Pods-ImageScrollDemo/Pods-ImageScrollDemo-frameworks.sh\"\n";
			showEnvVarsInLog = 0;
		};
/* End PBXShellScriptBuildPhase section */

/* Begin PBXSourcesBuildPhase section */
		A08D30051EB863BE002F7BC7 /* Sources */ = {
			isa = PBXSourcesBuildPhase;
			buildActionMask = 2147483647;
			files = (
				A08D30141EB863BE002F7BC7 /* ViewController.m in Sources */,
				A08D30111EB863BE002F7BC7 /* AppDelegate.m in Sources */,
				A08D30451EB863EB002F7BC7 /* EndLessScrollView.m in Sources */,
				A08D300E1EB863BE002F7BC7 /* main.m in Sources */,
				A08D30461EB863EB002F7BC7 /* MyCollectionViewCell.m in Sources */,
			);
			runOnlyForDeploymentPostprocessing = 0;
		};
		A08D301E1EB863BE002F7BC7 /* Sources */ = {
			isa = PBXSourcesBuildPhase;
			buildActionMask = 2147483647;
			files = (
				A08D30271EB863BE002F7BC7 /* ImageScrollDemoTests.m in Sources */,
			);
			runOnlyForDeploymentPostprocessing = 0;
		};
		A08D30291EB863BE002F7BC7 /* Sources */ = {
			isa = PBXSourcesBuildPhase;
			buildActionMask = 2147483647;
			files = (
				A08D30321EB863BE002F7BC7 /* ImageScrollDemoUITests.m in Sources */,
			);
			runOnlyForDeploymentPostprocessing = 0;
		};
/* End PBXSourcesBuildPhase section */

/* Begin PBXTargetDependency section */
		A08D30241EB863BE002F7BC7 /* PBXTargetDependency */ = {
			isa = PBXTargetDependency;
			target = A08D30081EB863BE002F7BC7 /* ImageScrollDemo */;
			targetProxy = A08D30231EB863BE002F7BC7 /* PBXContainerItemProxy */;
		};
		A08D302F1EB863BE002F7BC7 /* PBXTargetDependency */ = {
			isa = PBXTargetDependency;
			target = A08D30081EB863BE002F7BC7 /* ImageScrollDemo */;
			targetProxy = A08D302E1EB863BE002F7BC7 /* PBXContainerItemProxy */;
		};
/* End PBXTargetDependency section */

/* Begin PBXVariantGroup section */
		A08D30151EB863BE002F7BC7 /* Main.storyboard */ = {
			isa = PBXVariantGroup;
			children = (
				A08D30161EB863BE002F7BC7 /* Base */,
			);
			name = Main.storyboard;
			sourceTree = "<group>";
		};
		A08D301A1EB863BE002F7BC7 /* LaunchScreen.storyboard */ = {
			isa = PBXVariantGroup;
			children = (
				A08D301B1EB863BE002F7BC7 /* Base */,
			);
			name = LaunchScreen.storyboard;
			sourceTree = "<group>";
		};
/* End PBXVariantGroup section */

/* Begin XCBuildConfiguration section */
		A08D30341EB863BE002F7BC7 /* Debug */ = {
			isa = XCBuildConfiguration;
			buildSettings = {
				ALWAYS_SEARCH_USER_PATHS = NO;
				CLANG_ANALYZER_NONNULL = YES;
				CLANG_ANALYZER_NUMBER_OBJECT_CONVERSION = YES_AGGRESSIVE;
				CLANG_CXX_LANGUAGE_STANDARD = "gnu++0x";
				CLANG_CXX_LIBRARY = "libc++";
				CLANG_ENABLE_MODULES = YES;
				CLANG_ENABLE_OBJC_ARC = YES;
				CLANG_WARN_BOOL_CONVERSION = YES;
				CLANG_WARN_CONSTANT_CONVERSION = YES;
				CLANG_WARN_DIRECT_OBJC_ISA_USAGE = YES_ERROR;
				CLANG_WARN_DOCUMENTATION_COMMENTS = YES;
				CLANG_WARN_EMPTY_BODY = YES;
				CLANG_WARN_ENUM_CONVERSION = YES;
				CLANG_WARN_INFINITE_RECURSION = YES;
				CLANG_WARN_INT_CONVERSION = YES;
				CLANG_WARN_OBJC_ROOT_CLASS = YES_ERROR;
				CLANG_WARN_SUSPICIOUS_MOVE = YES;
				CLANG_WARN_UNREACHABLE_CODE = YES;
				CLANG_WARN__DUPLICATE_METHOD_MATCH = YES;
				"CODE_SIGN_IDENTITY[sdk=iphoneos*]" = "iPhone Developer";
				COPY_PHASE_STRIP = NO;
				DEBUG_INFORMATION_FORMAT = dwarf;
				ENABLE_STRICT_OBJC_MSGSEND = YES;
				ENABLE_TESTABILITY = YES;
				GCC_C_LANGUAGE_STANDARD = gnu99;
				GCC_DYNAMIC_NO_PIC = NO;
				GCC_NO_COMMON_BLOCKS = YES;
				GCC_OPTIMIZATION_LEVEL = 0;
				GCC_PREPROCESSOR_DEFINITIONS = (
					"DEBUG=1",
					"$(inherited)",
				);
				GCC_WARN_64_TO_32_BIT_CONVERSION = YES;
				GCC_WARN_ABOUT_RETURN_TYPE = YES_ERROR;
				GCC_WARN_UNDECLARED_SELECTOR = YES;
				GCC_WARN_UNINITIALIZED_AUTOS = YES_AGGRESSIVE;
				GCC_WARN_UNUSED_FUNCTION = YES;
				GCC_WARN_UNUSED_VARIABLE = YES;
				IPHONEOS_DEPLOYMENT_TARGET = 10.3;
				MTL_ENABLE_DEBUG_INFO = YES;
				ONLY_ACTIVE_ARCH = YES;
				SDKROOT = iphoneos;
				TARGETED_DEVICE_FAMILY = "1,2";
			};
			name = Debug;
		};
		A08D30351EB863BE002F7BC7 /* Release */ = {
			isa = XCBuildConfiguration;
			buildSettings = {
				ALWAYS_SEARCH_USER_PATHS = NO;
				CLANG_ANALYZER_NONNULL = YES;
				CLANG_ANALYZER_NUMBER_OBJECT_CONVERSION = YES_AGGRESSIVE;
				CLANG_CXX_LANGUAGE_STANDARD = "gnu++0x";
				CLANG_CXX_LIBRARY = "libc++";
				CLANG_ENABLE_MODULES = YES;
				CLANG_ENABLE_OBJC_ARC = YES;
				CLANG_WARN_BOOL_CONVERSION = YES;
				CLANG_WARN_CONSTANT_CONVERSION = YES;
				CLANG_WARN_DIRECT_OBJC_ISA_USAGE = YES_ERROR;
				CLANG_WARN_DOCUMENTATION_COMMENTS = YES;
				CLANG_WARN_EMPTY_BODY = YES;
				CLANG_WARN_ENUM_CONVERSION = YES;
				CLANG_WARN_INFINITE_RECURSION = YES;
				CLANG_WARN_INT_CONVERSION = YES;
				CLANG_WARN_OBJC_ROOT_CLASS = YES_ERROR;
				CLANG_WARN_SUSPICIOUS_MOVE = YES;
				CLANG_WARN_UNREACHABLE_CODE = YES;
				CLANG_WARN__DUPLICATE_METHOD_MATCH = YES;
				"CODE_SIGN_IDENTITY[sdk=iphoneos*]" = "iPhone Developer";
				COPY_PHASE_STRIP = NO;
				DEBUG_INFORMATION_FORMAT = "dwarf-with-dsym";
				ENABLE_NS_ASSERTIONS = NO;
				ENABLE_STRICT_OBJC_MSGSEND = YES;
				GCC_C_LANGUAGE_STANDARD = gnu99;
				GCC_NO_COMMON_BLOCKS = YES;
				GCC_WARN_64_TO_32_BIT_CONVERSION = YES;
				GCC_WARN_ABOUT_RETURN_TYPE = YES_ERROR;
				GCC_WARN_UNDECLARED_SELECTOR = YES;
				GCC_WARN_UNINITIALIZED_AUTOS = YES_AGGRESSIVE;
				GCC_WARN_UNUSED_FUNCTION = YES;
				GCC_WARN_UNUSED_VARIABLE = YES;
				IPHONEOS_DEPLOYMENT_TARGET = 10.3;
				MTL_ENABLE_DEBUG_INFO = NO;
				SDKROOT = iphoneos;
				TARGETED_DEVICE_FAMILY = "1,2";
				VALIDATE_PRODUCT = YES;
			};
			name = Release;
		};
		A08D30371EB863BE002F7BC7 /* Debug */ = {
			isa = XCBuildConfiguration;
			baseConfigurationReference = DDB74E3F08C58BE4EC66FB15 /* Pods-ImageScrollDemo.debug.xcconfig */;
			buildSettings = {
				ASSETCATALOG_COMPILER_APPICON_NAME = AppIcon;
				DEVELOPMENT_TEAM = "";
				FRAMEWORK_SEARCH_PATHS = (
					"$(inherited)",
					"$(PROJECT_DIR)/ImageScrollDemo/YYKit/Vendor",
				);
				INFOPLIST_FILE = ImageScrollDemo/Info.plist;
				LD_RUNPATH_SEARCH_PATHS = "$(inherited) @executable_path/Frameworks";
				PRODUCT_BUNDLE_IDENTIFIER = csh.ImageScrollDemo;
				PRODUCT_NAME = "$(TARGET_NAME)";
			};
			name = Debug;
		};
		A08D30381EB863BE002F7BC7 /* Release */ = {
			isa = XCBuildConfiguration;
			baseConfigurationReference = 72FD387259444BB91275CD39 /* Pods-ImageScrollDemo.release.xcconfig */;
			buildSettings = {
				ASSETCATALOG_COMPILER_APPICON_NAME = AppIcon;
				DEVELOPMENT_TEAM = "";
				FRAMEWORK_SEARCH_PATHS = (
					"$(inherited)",
					"$(PROJECT_DIR)/ImageScrollDemo/YYKit/Vendor",
				);
				INFOPLIST_FILE = ImageScrollDemo/Info.plist;
				LD_RUNPATH_SEARCH_PATHS = "$(inherited) @executable_path/Frameworks";
				PRODUCT_BUNDLE_IDENTIFIER = csh.ImageScrollDemo;
				PRODUCT_NAME = "$(TARGET_NAME)";
			};
			name = Release;
		};
		A08D303A1EB863BE002F7BC7 /* Debug */ = {
			isa = XCBuildConfiguration;
			buildSettings = {
				BUNDLE_LOADER = "$(TEST_HOST)";
				DEVELOPMENT_TEAM = 3C3Z68HJVQ;
				INFOPLIST_FILE = ImageScrollDemoTests/Info.plist;
				LD_RUNPATH_SEARCH_PATHS = "$(inherited) @executable_path/Frameworks @loader_path/Frameworks";
				PRODUCT_BUNDLE_IDENTIFIER = csh.ImageScrollDemoTests;
				PRODUCT_NAME = "$(TARGET_NAME)";
				TEST_HOST = "$(BUILT_PRODUCTS_DIR)/ImageScrollDemo.app/ImageScrollDemo";
			};
			name = Debug;
		};
		A08D303B1EB863BE002F7BC7 /* Release */ = {
			isa = XCBuildConfiguration;
			buildSettings = {
				BUNDLE_LOADER = "$(TEST_HOST)";
				DEVELOPMENT_TEAM = 3C3Z68HJVQ;
				INFOPLIST_FILE = ImageScrollDemoTests/Info.plist;
				LD_RUNPATH_SEARCH_PATHS = "$(inherited) @executable_path/Frameworks @loader_path/Frameworks";
				PRODUCT_BUNDLE_IDENTIFIER = csh.ImageScrollDemoTests;
				PRODUCT_NAME = "$(TARGET_NAME)";
				TEST_HOST = "$(BUILT_PRODUCTS_DIR)/ImageScrollDemo.app/ImageScrollDemo";
			};
			name = Release;
		};
		A08D303D1EB863BE002F7BC7 /* Debug */ = {
			isa = XCBuildConfiguration;
			buildSettings = {
				DEVELOPMENT_TEAM = 3C3Z68HJVQ;
				INFOPLIST_FILE = ImageScrollDemoUITests/Info.plist;
				LD_RUNPATH_SEARCH_PATHS = "$(inherited) @executable_path/Frameworks @loader_path/Frameworks";
				PRODUCT_BUNDLE_IDENTIFIER = csh.ImageScrollDemoUITests;
				PRODUCT_NAME = "$(TARGET_NAME)";
				TEST_TARGET_NAME = ImageScrollDemo;
			};
			name = Debug;
		};
		A08D303E1EB863BE002F7BC7 /* Release */ = {
			isa = XCBuildConfiguration;
			buildSettings = {
				DEVELOPMENT_TEAM = 3C3Z68HJVQ;
				INFOPLIST_FILE = ImageScrollDemoUITests/Info.plist;
				LD_RUNPATH_SEARCH_PATHS = "$(inherited) @executable_path/Frameworks @loader_path/Frameworks";
				PRODUCT_BUNDLE_IDENTIFIER = csh.ImageScrollDemoUITests;
				PRODUCT_NAME = "$(TARGET_NAME)";
				TEST_TARGET_NAME = ImageScrollDemo;
			};
			name = Release;
		};
/* End XCBuildConfiguration section */

/* Begin XCConfigurationList section */
		A08D30041EB863BE002F7BC7 /* Build configuration list for PBXProject "ImageScrollDemo" */ = {
			isa = XCConfigurationList;
			buildConfigurations = (
				A08D30341EB863BE002F7BC7 /* Debug */,
				A08D30351EB863BE002F7BC7 /* Release */,
			);
			defaultConfigurationIsVisible = 0;
			defaultConfigurationName = Release;
		};
		A08D30361EB863BE002F7BC7 /* Build configuration list for PBXNativeTarget "ImageScrollDemo" */ = {
			isa = XCConfigurationList;
			buildConfigurations = (
				A08D30371EB863BE002F7BC7 /* Debug */,
				A08D30381EB863BE002F7BC7 /* Release */,
			);
			defaultConfigurationIsVisible = 0;
			defaultConfigurationName = Release;
		};
		A08D30391EB863BE002F7BC7 /* Build configuration list for PBXNativeTarget "ImageScrollDemoTests" */ = {
			isa = XCConfigurationList;
			buildConfigurations = (
				A08D303A1EB863BE002F7BC7 /* Debug */,
				A08D303B1EB863BE002F7BC7 /* Release */,
			);
			defaultConfigurationIsVisible = 0;
			defaultConfigurationName = Release;
		};
		A08D303C1EB863BE002F7BC7 /* Build configuration list for PBXNativeTarget "ImageScrollDemoUITests" */ = {
			isa = XCConfigurationList;
			buildConfigurations = (
				A08D303D1EB863BE002F7BC7 /* Debug */,
				A08D303E1EB863BE002F7BC7 /* Release */,
			);
			defaultConfigurationIsVisible = 0;
			defaultConfigurationName = Release;
		};
/* End XCConfigurationList section */
	};
	rootObject = A08D30011EB863BE002F7BC7 /* Project object */;
}
